
Microsoft Visual Studio Solution File, Format Version 12.00
# Visual Studio Version 17
VisualStudioVersion = 17.1.32210.238
MinimumVisualStudioVersion = 10.0.40219.1
Project("{9A19103F-16F7-4668-BE54-9A1E7A4F7556}") = "DevInBank.Entidades", "src\DevInBank.Entidades\DevInBank.Entidades.csproj", "{77020502-B74B-4788-96B0-678534B50F59}"
EndProject
Project("{9A19103F-16F7-4668-BE54-9A1E7A4F7556}") = "DevInBank.Testes", "src\DevInBank.Testes\DevInBank.Testes.csproj", "{9C0FBE9C-F7BD-4E05-8233-2F624CBD5BA3}"
EndProject
Project("{FAE04EC0-301F-11D3-BF4B-00C04F79EFBC}") = "DevInBank.App", "src\DevInBank.App\DevInBank.App.csproj", "{E9BB6FAD-2A6C-4B1C-AE5B-04ED13885E98}"
EndProject
Global
	GlobalSection(SolutionConfigurationPlatforms) = preSolution
		Debug|Any CPU = Debug|Any CPU
		Release|Any CPU = Release|Any CPU
	EndGlobalSection
	GlobalSection(ProjectConfigurationPlatforms) = postSolution
		{77020502-B74B-4788-96B0-678534B50F59}.Debug|Any CPU.ActiveCfg = Debug|Any CPU
		{77020502-B74B-4788-96B0-678534B50F59}.Debug|Any CPU.Build.0 = Debug|Any CPU
		{77020502-B74B-4788-96B0-678534B50F59}.Release|Any CPU.ActiveCfg = Release|Any CPU
		{77020502-B74B-4788-96B0-678534B50F59}.Release|Any CPU.Build.0 = Release|Any CPU
		{9C0FBE9C-F7BD-4E05-8233-2F624CBD5BA3}.Debug|Any CPU.ActiveCfg = Debug|Any CPU
		{9C0FBE9C-F7BD-4E05-8233-2F624CBD5BA3}.Debug|Any CPU.Build.0 = Debug|Any CPU
		{9C0FBE9C-F7BD-4E05-8233-2F624CBD5BA3}.Release|Any CPU.ActiveCfg = Release|Any CPU
		{9C0FBE9C-F7BD-4E05-8233-2F624CBD5BA3}.Release|Any CPU.Build.0 = Release|Any CPU
		{E9BB6FAD-2A6C-4B1C-AE5B-04ED13885E98}.Debug|Any CPU.ActiveCfg = Debug|Any CPU
		{E9BB6FAD-2A6C-4B1C-AE5B-04ED13885E98}.Debug|Any CPU.Build.0 = Debug|Any CPU
		{E9BB6FAD-2A6C-4B1C-AE5B-04ED13885E98}.Release|Any CPU.ActiveCfg = Release|Any CPU
		{E9BB6FAD-2A6C-4B1C-AE5B-04ED13885E98}.Release|Any CPU.Build.0 = Release|Any CPU
	EndGlobalSection
	GlobalSection(SolutionProperties) = preSolution
		HideSolutionNode = FALSE
	EndGlobalSection
	GlobalSection(ExtensibilityGlobals) = postSolution
		SolutionGuid = {BAC2A9B6-020C-438B-BE03-D18F4CA5A3DD}
	EndGlobalSection
EndGlobal
